// !$*UTF8*$!
{
	archiveVersion = 1;
	classes = {
	};
	objectVersion = 56;
	objects = {

/* Begin PBXBuildFile section */
		53E395299A365A36BFBE4969 /* Pods_CompositionalLayoutsExample.framework in Frameworks */ = {isa = PBXBuildFile; fileRef = 77407E6565CE187342DA7BAB /* Pods_CompositionalLayoutsExample.framework */; };
		F33BB33429784DC7000047D7 /* CompanyCell.swift in Sources */ = {isa = PBXBuildFile; fileRef = F33BB33329784DC7000047D7 /* CompanyCell.swift */; };
		F33BB33629785416000047D7 /* PeopleCell.swift in Sources */ = {isa = PBXBuildFile; fileRef = F33BB33529785416000047D7 /* PeopleCell.swift */; };
		F33BB33829785428000047D7 /* StoryCell.swift in Sources */ = {isa = PBXBuildFile; fileRef = F33BB33729785428000047D7 /* StoryCell.swift */; };
		F33BB33A29785A06000047D7 /* MockData.swift in Sources */ = {isa = PBXBuildFile; fileRef = F33BB33929785A06000047D7 /* MockData.swift */; };
		F33BB33C297891BA000047D7 /* RoundedBackgroundView.swift in Sources */ = {isa = PBXBuildFile; fileRef = F33BB33B297891BA000047D7 /* RoundedBackgroundView.swift */; };
		F33BB33E2978939E000047D7 /* HeaderReusableView.swift in Sources */ = {isa = PBXBuildFile; fileRef = F33BB33D2978939E000047D7 /* HeaderReusableView.swift */; };
		F33BB34029789C83000047D7 /* BadgeReusableView.swift in Sources */ = {isa = PBXBuildFile; fileRef = F33BB33F29789C83000047D7 /* BadgeReusableView.swift */; };
		F39137A32952ECA500AF5469 /* AppDelegate.swift in Sources */ = {isa = PBXBuildFile; fileRef = F39137A22952ECA500AF5469 /* AppDelegate.swift */; };
		F39137A52952ECA500AF5469 /* SceneDelegate.swift in Sources */ = {isa = PBXBuildFile; fileRef = F39137A42952ECA500AF5469 /* SceneDelegate.swift */; };
		F39137A72952ECA500AF5469 /* ViewController.swift in Sources */ = {isa = PBXBuildFile; fileRef = F39137A62952ECA500AF5469 /* ViewController.swift */; };
		F39137AC2952ECA600AF5469 /* Assets.xcassets in Resources */ = {isa = PBXBuildFile; fileRef = F39137AB2952ECA600AF5469 /* Assets.xcassets */; };
		F39137AF2952ECA600AF5469 /* LaunchScreen.storyboard in Resources */ = {isa = PBXBuildFile; fileRef = F39137AD2952ECA600AF5469 /* LaunchScreen.storyboard */; };
		F39137BB2952F49B00AF5469 /* Section.swift in Sources */ = {isa = PBXBuildFile; fileRef = F39137BA2952F49B00AF5469 /* Section.swift */; };
/* End PBXBuildFile section */

/* Begin PBXFileReference section */
		413E1ABAC7F00992CA1A9BD2 /* Pods-CompositionalLayoutsExample.debug.xcconfig */ = {isa = PBXFileReference; includeInIndex = 1; lastKnownFileType = text.xcconfig; name = "Pods-CompositionalLayoutsExample.debug.xcconfig"; path = "Target Support Files/Pods-CompositionalLayoutsExample/Pods-CompositionalLayoutsExample.debug.xcconfig"; sourceTree = "<group>"; };
		77407E6565CE187342DA7BAB /* Pods_CompositionalLayoutsExample.framework */ = {isa = PBXFileReference; explicitFileType = wrapper.framework; includeInIndex = 0; path = Pods_CompositionalLayoutsExample.framework; sourceTree = BUILT_PRODUCTS_DIR; };
		B8C091D9E5164BAD34B6B597 /* Pods-CompositionalLayoutsExample.release.xcconfig */ = {isa = PBXFileReference; includeInIndex = 1; lastKnownFileType = text.xcconfig; name = "Pods-CompositionalLayoutsExample.release.xcconfig"; path = "Target Support Files/Pods-CompositionalLayoutsExample/Pods-CompositionalLayoutsExample.release.xcconfig"; sourceTree = "<group>"; };
		F33BB33329784DC7000047D7 /* CompanyCell.swift */ = {isa = PBXFileReference; lastKnownFileType = sourcecode.swift; path = CompanyCell.swift; sourceTree = "<group>"; };
		F33BB33529785416000047D7 /* PeopleCell.swift */ = {isa = PBXFileReference; lastKnownFileType = sourcecode.swift; path = PeopleCell.swift; sourceTree = "<group>"; };
		F33BB33729785428000047D7 /* StoryCell.swift */ = {isa = PBXFileReference; lastKnownFileType = sourcecode.swift; path = StoryCell.swift; sourceTree = "<group>"; };
		F33BB33929785A06000047D7 /* MockData.swift */ = {isa = PBXFileReference; lastKnownFileType = sourcecode.swift; path = MockData.swift; sourceTree = "<group>"; };
		F33BB33B297891BA000047D7 /* RoundedBackgroundView.swift */ = {isa = PBXFileReference; lastKnownFileType = sourcecode.swift; path = RoundedBackgroundView.swift; sourceTree = "<group>"; };
		F33BB33D2978939E000047D7 /* HeaderReusableView.swift */ = {isa = PBXFileReference; lastKnownFileType = sourcecode.swift; path = HeaderReusableView.swift; sourceTree = "<group>"; };
		F33BB33F29789C83000047D7 /* BadgeReusableView.swift */ = {isa = PBXFileReference; lastKnownFileType = sourcecode.swift; path = BadgeReusableView.swift; sourceTree = "<group>"; };
		F391379F2952ECA500AF5469 /* CompositionalLayoutsExample.app */ = {isa = PBXFileReference; explicitFileType = wrapper.application; includeInIndex = 0; path = CompositionalLayoutsExample.app; sourceTree = BUILT_PRODUCTS_DIR; };
		F39137A22952ECA500AF5469 /* AppDelegate.swift */ = {isa = PBXFileReference; lastKnownFileType = sourcecode.swift; path = AppDelegate.swift; sourceTree = "<group>"; };
		F39137A42952ECA500AF5469 /* SceneDelegate.swift */ = {isa = PBXFileReference; lastKnownFileType = sourcecode.swift; path = SceneDelegate.swift; sourceTree = "<group>"; };
		F39137A62952ECA500AF5469 /* ViewController.swift */ = {isa = PBXFileReference; lastKnownFileType = sourcecode.swift; path = ViewController.swift; sourceTree = "<group>"; };
		F39137AB2952ECA600AF5469 /* Assets.xcassets */ = {isa = PBXFileReference; lastKnownFileType = folder.assetcatalog; path = Assets.xcassets; sourceTree = "<group>"; };
		F39137AE2952ECA600AF5469 /* Base */ = {isa = PBXFileReference; lastKnownFileType = file.storyboard; name = Base; path = Base.lproj/LaunchScreen.storyboard; sourceTree = "<group>"; };
		F39137B02952ECA600AF5469 /* Info.plist */ = {isa = PBXFileReference; lastKnownFileType = text.plist.xml; path = Info.plist; sourceTree = "<group>"; };
		F39137BA2952F49B00AF5469 /* Section.swift */ = {isa = PBXFileReference; lastKnownFileType = sourcecode.swift; path = Section.swift; sourceTree = "<group>"; };
/* End PBXFileReference section */

/* Begin PBXFrameworksBuildPhase section */
		F391379C2952ECA500AF5469 /* Frameworks */ = {
			isa = PBXFrameworksBuildPhase;
			buildActionMask = 2147483647;
			files = (
				53E395299A365A36BFBE4969 /* Pods_CompositionalLayoutsExample.framework in Frameworks */,
			);
			runOnlyForDeploymentPostprocessing = 0;
		};
/* End PBXFrameworksBuildPhase section */

/* Begin PBXGroup section */
		1DBEEE232B881D0795237664 /* Frameworks */ = {
			isa = PBXGroup;
			children = (
				77407E6565CE187342DA7BAB /* Pods_CompositionalLayoutsExample.framework */,
			);
			name = Frameworks;
			sourceTree = "<group>";
		};
		840DB1B59F5217F2E8146368 /* Pods */ = {
			isa = PBXGroup;
			children = (
				413E1ABAC7F00992CA1A9BD2 /* Pods-CompositionalLayoutsExample.debug.xcconfig */,
				B8C091D9E5164BAD34B6B597 /* Pods-CompositionalLayoutsExample.release.xcconfig */,
			);
			path = Pods;
			sourceTree = "<group>";
		};
		F39137962952ECA500AF5469 = {
			isa = PBXGroup;
			children = (
				F39137A12952ECA500AF5469 /* CompositionalLayoutsExample */,
				F39137A02952ECA500AF5469 /* Products */,
				840DB1B59F5217F2E8146368 /* Pods */,
				1DBEEE232B881D0795237664 /* Frameworks */,
			);
			sourceTree = "<group>";
		};
		F39137A02952ECA500AF5469 /* Products */ = {
			isa = PBXGroup;
			children = (
				F391379F2952ECA500AF5469 /* CompositionalLayoutsExample.app */,
			);
			name = Products;
			sourceTree = "<group>";
		};
		F39137A12952ECA500AF5469 /* CompositionalLayoutsExample */ = {
			isa = PBXGroup;
			children = (
				F39137C42953073F00AF5469 /* Cells */,
				F39137C32952FA7100AF5469 /* App */,
				F39137C22952FA6400AF5469 /* Controllers */,
				F39137BE2952FA3700AF5469 /* Models */,
				F39137AB2952ECA600AF5469 /* Assets.xcassets */,
				F39137B02952ECA600AF5469 /* Info.plist */,
				F33BB33929785A06000047D7 /* MockData.swift */,
			);
			path = CompositionalLayoutsExample;
			sourceTree = "<group>";
		};
		F39137BE2952FA3700AF5469 /* Models */ = {
			isa = PBXGroup;
			children = (
				F39137BA2952F49B00AF5469 /* Section.swift */,
			);
			path = Models;
			sourceTree = "<group>";
		};
		F39137C22952FA6400AF5469 /* Controllers */ = {
			isa = PBXGroup;
			children = (
				F39137A62952ECA500AF5469 /* ViewController.swift */,
			);
			path = Controllers;
			sourceTree = "<group>";
		};
		F39137C32952FA7100AF5469 /* App */ = {
			isa = PBXGroup;
			children = (
				F39137AD2952ECA600AF5469 /* LaunchScreen.storyboard */,
				F39137A42952ECA500AF5469 /* SceneDelegate.swift */,
				F39137A22952ECA500AF5469 /* AppDelegate.swift */,
			);
			path = App;
			sourceTree = "<group>";
		};
		F39137C42953073F00AF5469 /* Cells */ = {
			isa = PBXGroup;
			children = (
				F33BB33329784DC7000047D7 /* CompanyCell.swift */,
				F33BB33529785416000047D7 /* PeopleCell.swift */,
				F33BB33729785428000047D7 /* StoryCell.swift */,
				F33BB33B297891BA000047D7 /* RoundedBackgroundView.swift */,
				F33BB33D2978939E000047D7 /* HeaderReusableView.swift */,
				F33BB33F29789C83000047D7 /* BadgeReusableView.swift */,
			);
			path = Cells;
			sourceTree = "<group>";
		};
/* End PBXGroup section */

/* Begin PBXNativeTarget section */
		F391379E2952ECA500AF5469 /* CompositionalLayoutsExample */ = {
			isa = PBXNativeTarget;
			buildConfigurationList = F39137B32952ECA600AF5469 /* Build configuration list for PBXNativeTarget "CompositionalLayoutsExample" */;
			buildPhases = (
				AE8971411EB51501FFBC7C3F /* [CP] Check Pods Manifest.lock */,
				F391379B2952ECA500AF5469 /* Sources */,
				F391379C2952ECA500AF5469 /* Frameworks */,
				F391379D2952ECA500AF5469 /* Resources */,
				D83BC44F4AC786A43B710436 /* [CP] Embed Pods Frameworks */,
			);
			buildRules = (
			);
			dependencies = (
			);
			name = CompositionalLayoutsExample;
			productName = CompositionalLayoutsExample;
			productReference = F391379F2952ECA500AF5469 /* CompositionalLayoutsExample.app */;
			productType = "com.apple.product-type.application";
		};
/* End PBXNativeTarget section */

/* Begin PBXProject section */
		F39137972952ECA500AF5469 /* Project object */ = {
			isa = PBXProject;
			attributes = {
				BuildIndependentTargetsInParallel = 1;
				LastSwiftUpdateCheck = 1400;
				LastUpgradeCheck = 1400;
				TargetAttributes = {
					F391379E2952ECA500AF5469 = {
						CreatedOnToolsVersion = 14.0;
					};
				};
			};
			buildConfigurationList = F391379A2952ECA500AF5469 /* Build configuration list for PBXProject "CompositionalLayoutsExample" */;
			compatibilityVersion = "Xcode 14.0";
			developmentRegion = en;
			hasScannedForEncodings = 0;
			knownRegions = (
				en,
				Base,
			);
			mainGroup = F39137962952ECA500AF5469;
			productRefGroup = F39137A02952ECA500AF5469 /* Products */;
			projectDirPath = "";
			projectRoot = "";
			targets = (
				F391379E2952ECA500AF5469 /* CompositionalLayoutsExample */,
			);
		};
/* End PBXProject section */

/* Begin PBXResourcesBuildPhase section */
		F391379D2952ECA500AF5469 /* Resources */ = {
			isa = PBXResourcesBuildPhase;
			buildActionMask = 2147483647;
			files = (
				F39137AF2952ECA600AF5469 /* LaunchScreen.storyboard in Resources */,
				F39137AC2952ECA600AF5469 /* Assets.xcassets in Resources */,
			);
			runOnlyForDeploymentPostprocessing = 0;
		};
/* End PBXResourcesBuildPhase section */

/* Begin PBXShellScriptBuildPhase section */
		AE8971411EB51501FFBC7C3F /* [CP] Check Pods Manifest.lock */ = {
			isa = PBXShellScriptBuildPhase;
			buildActionMask = 2147483647;
			files = (
			);
			inputFileListPaths = (
			);
			inputPaths = (
				"${PODS_PODFILE_DIR_PATH}/Podfile.lock",
				"${PODS_ROOT}/Manifest.lock",
			);
			name = "[CP] Check Pods Manifest.lock";
			outputFileListPaths = (
			);
			outputPaths = (
				"$(DERIVED_FILE_DIR)/Pods-CompositionalLayoutsExample-checkManifestLockResult.txt",
			);
			runOnlyForDeploymentPostprocessing = 0;
			shellPath = /bin/sh;
			shellScript = "diff \"${PODS_PODFILE_DIR_PATH}/Podfile.lock\" \"${PODS_ROOT}/Manifest.lock\" > /dev/null\nif [ $? != 0 ] ; then\n    # print error to STDERR\n    echo \"error: The sandbox is not in sync with the Podfile.lock. Run 'pod install' or update your CocoaPods installation.\" >&2\n    exit 1\nfi\n# This output is used by Xcode 'outputs' to avoid re-running this script phase.\necho \"SUCCESS\" > \"${SCRIPT_OUTPUT_FILE_0}\"\n";
			showEnvVarsInLog = 0;
		};
		D83BC44F4AC786A43B710436 /* [CP] Embed Pods Frameworks */ = {
			isa = PBXShellScriptBuildPhase;
			buildActionMask = 2147483647;
			files = (
			);
			inputFileListPaths = (
				"${PODS_ROOT}/Target Support Files/Pods-CompositionalLayoutsExample/Pods-CompositionalLayoutsExample-frameworks-${CONFIGURATION}-input-files.xcfilelist",
			);
			name = "[CP] Embed Pods Frameworks";
			outputFileListPaths = (
				"${PODS_ROOT}/Target Support Files/Pods-CompositionalLayoutsExample/Pods-CompositionalLayoutsExample-frameworks-${CONFIGURATION}-output-files.xcfilelist",
			);
			runOnlyForDeploymentPostprocessing = 0;
			shellPath = /bin/sh;
			shellScript = "\"${PODS_ROOT}/Target Support Files/Pods-CompositionalLayoutsExample/Pods-CompositionalLayoutsExample-frameworks.sh\"\n";
			showEnvVarsInLog = 0;
		};
/* End PBXShellScriptBuildPhase section */

/* Begin PBXSourcesBuildPhase section */
		F391379B2952ECA500AF5469 /* Sources */ = {
			isa = PBXSourcesBuildPhase;
			buildActionMask = 2147483647;
			files = (
				F33BB34029789C83000047D7 /* BadgeReusableView.swift in Sources */,
				F39137A72952ECA500AF5469 /* ViewController.swift in Sources */,
				F33BB33629785416000047D7 /* PeopleCell.swift in Sources */,
				F33BB33E2978939E000047D7 /* HeaderReusableView.swift in Sources */,
				F33BB33829785428000047D7 /* StoryCell.swift in Sources */,
				F39137BB2952F49B00AF5469 /* Section.swift in Sources */,
				F33BB33C297891BA000047D7 /* RoundedBackgroundView.swift in Sources */,
				F39137A32952ECA500AF5469 /* AppDelegate.swift in Sources */,
				F33BB33A29785A06000047D7 /* MockData.swift in Sources */,
				F39137A52952ECA500AF5469 /* SceneDelegate.swift in Sources */,
				F33BB33429784DC7000047D7 /* CompanyCell.swift in Sources */,
			);
			runOnlyForDeploymentPostprocessing = 0;
		};
/* End PBXSourcesBuildPhase section */

/* Begin PBXVariantGroup section */
		F39137AD2952ECA600AF5469 /* LaunchScreen.storyboard */ = {
			isa = PBXVariantGroup;
			children = (
				F39137AE2952ECA600AF5469 /* Base */,
			);
			name = LaunchScreen.storyboard;
			sourceTree = "<group>";
		};
/* End PBXVariantGroup section */

/* Begin XCBuildConfiguration section */
		F39137B12952ECA600AF5469 /* Debug */ = {
			isa = XCBuildConfiguration;
			buildSettings = {
				ALWAYS_SEARCH_USER_PATHS = NO;
				CLANG_ANALYZER_NONNULL = YES;
				CLANG_ANALYZER_NUMBER_OBJECT_CONVERSION = YES_AGGRESSIVE;
				CLANG_CXX_LANGUAGE_STANDARD = "gnu++20";
				CLANG_ENABLE_MODULES = YES;
				CLANG_ENABLE_OBJC_ARC = YES;
				CLANG_ENABLE_OBJC_WEAK = YES;
				CLANG_WARN_BLOCK_CAPTURE_AUTORELEASING = YES;
				CLANG_WARN_BOOL_CONVERSION = YES;
				CLANG_WARN_COMMA = YES;
				CLANG_WARN_CONSTANT_CONVERSION = YES;
				CLANG_WARN_DEPRECATED_OBJC_IMPLEMENTATIONS = YES;
				CLANG_WARN_DIRECT_OBJC_ISA_USAGE = YES_ERROR;
				CLANG_WARN_DOCUMENTATION_COMMENTS = YES;
				CLANG_WARN_EMPTY_BODY = YES;
				CLANG_WARN_ENUM_CONVERSION = YES;
				CLANG_WARN_INFINITE_RECURSION = YES;
				CLANG_WARN_INT_CONVERSION = YES;
				CLANG_WARN_NON_LITERAL_NULL_CONVERSION = YES;
				CLANG_WARN_OBJC_IMPLICIT_RETAIN_SELF = YES;
				CLANG_WARN_OBJC_LITERAL_CONVERSION = YES;
				CLANG_WARN_OBJC_ROOT_CLASS = YES_ERROR;
				CLANG_WARN_QUOTED_INCLUDE_IN_FRAMEWORK_HEADER = YES;
				CLANG_WARN_RANGE_LOOP_ANALYSIS = YES;
				CLANG_WARN_STRICT_PROTOTYPES = YES;
				CLANG_WARN_SUSPICIOUS_MOVE = YES;
				CLANG_WARN_UNGUARDED_AVAILABILITY = YES_AGGRESSIVE;
				CLANG_WARN_UNREACHABLE_CODE = YES;
				CLANG_WARN__DUPLICATE_METHOD_MATCH = YES;
				COPY_PHASE_STRIP = NO;
				DEBUG_INFORMATION_FORMAT = dwarf;
				ENABLE_STRICT_OBJC_MSGSEND = YES;
				ENABLE_TESTABILITY = YES;
				GCC_C_LANGUAGE_STANDARD = gnu11;
				GCC_DYNAMIC_NO_PIC = NO;
				GCC_NO_COMMON_BLOCKS = YES;
				GCC_OPTIMIZATION_LEVEL = 0;
				GCC_PREPROCESSOR_DEFINITIONS = (
					"DEBUG=1",
					"$(inherited)",
				);
				GCC_WARN_64_TO_32_BIT_CONVERSION = YES;
				GCC_WARN_ABOUT_RETURN_TYPE = YES_ERROR;
				GCC_WARN_UNDECLARED_SELECTOR = YES;
				GCC_WARN_UNINITIALIZED_AUTOS = YES_AGGRESSIVE;
				GCC_WARN_UNUSED_FUNCTION = YES;
				GCC_WARN_UNUSED_VARIABLE = YES;
				IPHONEOS_DEPLOYMENT_TARGET = 16.0;
				MTL_ENABLE_DEBUG_INFO = INCLUDE_SOURCE;
				MTL_FAST_MATH = YES;
				ONLY_ACTIVE_ARCH = YES;
				SDKROOT = iphoneos;
				SWIFT_ACTIVE_COMPILATION_CONDITIONS = DEBUG;
				SWIFT_OPTIMIZATION_LEVEL = "-Onone";
			};
			name = Debug;
		};
		F39137B22952ECA600AF5469 /* Release */ = {
			isa = XCBuildConfiguration;
			buildSettings = {
				ALWAYS_SEARCH_USER_PATHS = NO;
				CLANG_ANALYZER_NONNULL = YES;
				CLANG_ANALYZER_NUMBER_OBJECT_CONVERSION = YES_AGGRESSIVE;
				CLANG_CXX_LANGUAGE_STANDARD = "gnu++20";
				CLANG_ENABLE_MODULES = YES;
				CLANG_ENABLE_OBJC_ARC = YES;
				CLANG_ENABLE_OBJC_WEAK = YES;
				CLANG_WARN_BLOCK_CAPTURE_AUTORELEASING = YES;
				CLANG_WARN_BOOL_CONVERSION = YES;
				CLANG_WARN_COMMA = YES;
				CLANG_WARN_CONSTANT_CONVERSION = YES;
				CLANG_WARN_DEPRECATED_OBJC_IMPLEMENTATIONS = YES;
				CLANG_WARN_DIRECT_OBJC_ISA_USAGE = YES_ERROR;
				CLANG_WARN_DOCUMENTATION_COMMENTS = YES;
				CLANG_WARN_EMPTY_BODY = YES;
				CLANG_WARN_ENUM_CONVERSION = YES;
				CLANG_WARN_INFINITE_RECURSION = YES;
				CLANG_WARN_INT_CONVERSION = YES;
				CLANG_WARN_NON_LITERAL_NULL_CONVERSION = YES;
				CLANG_WARN_OBJC_IMPLICIT_RETAIN_SELF = YES;
				CLANG_WARN_OBJC_LITERAL_CONVERSION = YES;
				CLANG_WARN_OBJC_ROOT_CLASS = YES_ERROR;
				CLANG_WARN_QUOTED_INCLUDE_IN_FRAMEWORK_HEADER = YES;
				CLANG_WARN_RANGE_LOOP_ANALYSIS = YES;
				CLANG_WARN_STRICT_PROTOTYPES = YES;
				CLANG_WARN_SUSPICIOUS_MOVE = YES;
				CLANG_WARN_UNGUARDED_AVAILABILITY = YES_AGGRESSIVE;
				CLANG_WARN_UNREACHABLE_CODE = YES;
				CLANG_WARN__DUPLICATE_METHOD_MATCH = YES;
				COPY_PHASE_STRIP = NO;
				DEBUG_INFORMATION_FORMAT = "dwarf-with-dsym";
				ENABLE_NS_ASSERTIONS = NO;
				ENABLE_STRICT_OBJC_MSGSEND = YES;
				GCC_C_LANGUAGE_STANDARD = gnu11;
				GCC_NO_COMMON_BLOCKS = YES;
				GCC_WARN_64_TO_32_BIT_CONVERSION = YES;
				GCC_WARN_ABOUT_RETURN_TYPE = YES_ERROR;
				GCC_WARN_UNDECLARED_SELECTOR = YES;
				GCC_WARN_UNINITIALIZED_AUTOS = YES_AGGRESSIVE;
				GCC_WARN_UNUSED_FUNCTION = YES;
				GCC_WARN_UNUSED_VARIABLE = YES;
				IPHONEOS_DEPLOYMENT_TARGET = 16.0;
				MTL_ENABLE_DEBUG_INFO = NO;
				MTL_FAST_MATH = YES;
				SDKROOT = iphoneos;
				SWIFT_COMPILATION_MODE = wholemodule;
				SWIFT_OPTIMIZATION_LEVEL = "-O";
				VALIDATE_PRODUCT = YES;
			};
			name = Release;
		};
		F39137B42952ECA600AF5469 /* Debug */ = {
			isa = XCBuildConfiguration;
			baseConfigurationReference = 413E1ABAC7F00992CA1A9BD2 /* Pods-CompositionalLayoutsExample.debug.xcconfig */;
			buildSettings = {
				ASSETCATALOG_COMPILER_APPICON_NAME = AppIcon;
				ASSETCATALOG_COMPILER_GLOBAL_ACCENT_COLOR_NAME = AccentColor;
				CODE_SIGN_STYLE = Automatic;
				CURRENT_PROJECT_VERSION = 1;
				DEVELOPMENT_TEAM = R26JY69RPL;
				GENERATE_INFOPLIST_FILE = YES;
				INFOPLIST_FILE = CompositionalLayoutsExample/Info.plist;
				INFOPLIST_KEY_UIApplicationSupportsIndirectInputEvents = YES;
				INFOPLIST_KEY_UILaunchStoryboardName = LaunchScreen;
				INFOPLIST_KEY_UISupportedInterfaceOrientations_iPad = "UIInterfaceOrientationPortrait UIInterfaceOrientationPortraitUpsideDown UIInterfaceOrientationLandscapeLeft UIInterfaceOrientationLandscapeRight";
				INFOPLIST_KEY_UISupportedInterfaceOrientations_iPhone = "UIInterfaceOrientationPortrait UIInterfaceOrientationLandscapeLeft UIInterfaceOrientationLandscapeRight";
				LD_RUNPATH_SEARCH_PATHS = (
					"$(inherited)",
					"@executable_path/Frameworks",
				);
				MARKETING_VERSION = 1.0;
				PRODUCT_BUNDLE_IDENTIFIER = a.agataev.CompositionalLayoutsExample;
				PRODUCT_NAME = "$(TARGET_NAME)";
				SWIFT_EMIT_LOC_STRINGS = YES;
				SWIFT_VERSION = 5.0;
				TARGETED_DEVICE_FAMILY = "1,2";
			};
			name = Debug;
		};
		F39137B52952ECA600AF5469 /* Release */ = {
			isa = XCBuildConfiguration;
			baseConfigurationReference = B8C091D9E5164BAD34B6B597 /* Pods-CompositionalLayoutsExample.release.xcconfig */;
			buildSettings = {
				ASSETCATALOG_COMPILER_APPICON_NAME = AppIcon;
				ASSETCATALOG_COMPILER_GLOBAL_ACCENT_COLOR_NAME = AccentColor;
				CODE_SIGN_STYLE = Automatic;
				CURRENT_PROJECT_VERSION = 1;
				DEVELOPMENT_TEAM = R26JY69RPL;
				GENERATE_INFOPLIST_FILE = YES;
				INFOPLIST_FILE = CompositionalLayoutsExample/Info.plist;
				INFOPLIST_KEY_UIApplicationSupportsIndirectInputEvents = YES;
				INFOPLIST_KEY_UILaunchStoryboardName = LaunchScreen;
				INFOPLIST_KEY_UISupportedInterfaceOrientations_iPad = "UIInterfaceOrientationPortrait UIInterfaceOrientationPortraitUpsideDown UIInterfaceOrientationLandscapeLeft UIInterfaceOrientationLandscapeRight";
				INFOPLIST_KEY_UISupportedInterfaceOrientations_iPhone = "UIInterfaceOrientationPortrait UIInterfaceOrientationLandscapeLeft UIInterfaceOrientationLandscapeRight";
				LD_RUNPATH_SEARCH_PATHS = (
					"$(inherited)",
					"@executable_path/Frameworks",
				);
				MARKETING_VERSION = 1.0;
				PRODUCT_BUNDLE_IDENTIFIER = a.agataev.CompositionalLayoutsExample;
				PRODUCT_NAME = "$(TARGET_NAME)";
				SWIFT_EMIT_LOC_STRINGS = YES;
				SWIFT_VERSION = 5.0;
				TARGETED_DEVICE_FAMILY = "1,2";
			};
			name = Release;
		};
/* End XCBuildConfiguration section */

/* Begin XCConfigurationList section */
		F391379A2952ECA500AF5469 /* Build configuration list for PBXProject "CompositionalLayoutsExample" */ = {
			isa = XCConfigurationList;
			buildConfigurations = (
				F39137B12952ECA600AF5469 /* Debug */,
				F39137B22952ECA600AF5469 /* Release */,
			);
			defaultConfigurationIsVisible = 0;
			defaultConfigurationName = Release;
		};
		F39137B32952ECA600AF5469 /* Build configuration list for PBXNativeTarget "CompositionalLayoutsExample" */ = {
			isa = XCConfigurationList;
			buildConfigurations = (
				F39137B42952ECA600AF5469 /* Debug */,
				F39137B52952ECA600AF5469 /* Release */,
			);
			defaultConfigurationIsVisible = 0;
			defaultConfigurationName = Release;
		};
/* End XCConfigurationList section */
	};
	rootObject = F39137972952ECA500AF5469 /* Project object */;
}
